
Microsoft Visual Studio Solution File, Format Version 12.00
# Visual Studio 15
VisualStudioVersion = 15.0.27004.2005
MinimumVisualStudioVersion = 10.0.40219.1
Project("{FAE04EC0-301F-11D3-BF4B-00C04F79EFBC}") = "BE", "CounterCalories\BE.csproj", "{757C6440-F374-4FB5-8FE9-C50D0F420BB8}"
EndProject
Project("{FAE04EC0-301F-11D3-BF4B-00C04F79EFBC}") = "BL", "BL\BL.csproj", "{7DBCD1C7-F591-401D-A440-6DA1D5975B61}"
EndProject
Project("{FAE04EC0-301F-11D3-BF4B-00C04F79EFBC}") = "DAL", "DAL\DAL.csproj", "{10CD4792-C6EE-4BF2-9FFA-79E89181C916}"
EndProject
Project("{FAE04EC0-301F-11D3-BF4B-00C04F79EFBC}") = "PL", "PL\PL.csproj", "{7F9C440C-7AB4-4394-94E2-2D340EC375C6}"
EndProject
Global
	GlobalSection(SolutionConfigurationPlatforms) = preSolution
		Debug|Any CPU = Debug|Any CPU
		Release|Any CPU = Release|Any CPU
	EndGlobalSection
	GlobalSection(ProjectConfigurationPlatforms) = postSolution
		{757C6440-F374-4FB5-8FE9-C50D0F420BB8}.Debug|Any CPU.ActiveCfg = Debug|Any CPU
		{757C6440-F374-4FB5-8FE9-C50D0F420BB8}.Debug|Any CPU.Build.0 = Debug|Any CPU
		{757C6440-F374-4FB5-8FE9-C50D0F420BB8}.Release|Any CPU.ActiveCfg = Release|Any CPU
		{757C6440-F374-4FB5-8FE9-C50D0F420BB8}.Release|Any CPU.Build.0 = Release|Any CPU
		{7DBCD1C7-F591-401D-A440-6DA1D5975B61}.Debug|Any CPU.ActiveCfg = Debug|Any CPU
		{7DBCD1C7-F591-401D-A440-6DA1D5975B61}.Debug|Any CPU.Build.0 = Debug|Any CPU
		{7DBCD1C7-F591-401D-A440-6DA1D5975B61}.Release|Any CPU.ActiveCfg = Release|Any CPU
		{7DBCD1C7-F591-401D-A440-6DA1D5975B61}.Release|Any CPU.Build.0 = Release|Any CPU
		{10CD4792-C6EE-4BF2-9FFA-79E89181C916}.Debug|Any CPU.ActiveCfg = Debug|Any CPU
		{10CD4792-C6EE-4BF2-9FFA-79E89181C916}.Debug|Any CPU.Build.0 = Debug|Any CPU
		{10CD4792-C6EE-4BF2-9FFA-79E89181C916}.Release|Any CPU.ActiveCfg = Release|Any CPU
		{10CD4792-C6EE-4BF2-9FFA-79E89181C916}.Release|Any CPU.Build.0 = Release|Any CPU
		{7F9C440C-7AB4-4394-94E2-2D340EC375C6}.Debug|Any CPU.ActiveCfg = Debug|Any CPU
		{7F9C440C-7AB4-4394-94E2-2D340EC375C6}.Debug|Any CPU.Build.0 = Debug|Any CPU
		{7F9C440C-7AB4-4394-94E2-2D340EC375C6}.Release|Any CPU.ActiveCfg = Release|Any CPU
		{7F9C440C-7AB4-4394-94E2-2D340EC375C6}.Release|Any CPU.Build.0 = Release|Any CPU
	EndGlobalSection
	GlobalSection(SolutionProperties) = preSolution
		HideSolutionNode = FALSE
	EndGlobalSection
	GlobalSection(ExtensibilityGlobals) = postSolution
		SolutionGuid = {EE334834-B2B3-478E-ABA6-B77376362FCB}
	EndGlobalSection
EndGlobal
